Microsoft Visual Studio Solution File, Format Version 11.00
# Visual Studio 2008

Project("{ECF85E74-1874-DF24-F847-B52DD1D5E856}") = "ChartboostNative", "Assembly-CSharp-vs.csproj", "{E951F531-DEF7-5026-A85F-F20284B3A4FE}"
EndProject
Project("{ECF85E74-1874-DF24-F847-B52DD1D5E856}") = "ChartboostNative", "Assembly-CSharp-Editor-vs.csproj", "{7019B464-0E62-8421-5CFB-76625DE68364}"
EndProject
Global
	GlobalSection(SolutionConfigurationPlatforms) = preSolution
		Debug|Any CPU = Debug|Any CPU
		Release|Any CPU = Release|Any CPU
	EndGlobalSection
	GlobalSection(ProjectConfigurationPlatforms) = postSolution
		{E951F531-DEF7-5026-A85F-F20284B3A4FE}.Debug|Any CPU.ActiveCfg = Debug|Any CPU
		{E951F531-DEF7-5026-A85F-F20284B3A4FE}.Debug|Any CPU.Build.0 = Debug|Any CPU
		{E951F531-DEF7-5026-A85F-F20284B3A4FE}.Release|Any CPU.ActiveCfg = Release|Any CPU
		{E951F531-DEF7-5026-A85F-F20284B3A4FE}.Release|Any CPU.Build.0 = Release|Any CPU
		{7019B464-0E62-8421-5CFB-76625DE68364}.Debug|Any CPU.ActiveCfg = Debug|Any CPU
		{7019B464-0E62-8421-5CFB-76625DE68364}.Debug|Any CPU.Build.0 = Debug|Any CPU
		{7019B464-0E62-8421-5CFB-76625DE68364}.Release|Any CPU.ActiveCfg = Release|Any CPU
		{7019B464-0E62-8421-5CFB-76625DE68364}.Release|Any CPU.Build.0 = Release|Any CPU
	EndGlobalSection
	GlobalSection(SolutionProperties) = preSolution
		HideSolutionNode = FALSE
	EndGlobalSection
									GlobalSection(MonoDevelopProperties) = preSolution
		StartupItem = Assembly-CSharp.csproj
		Policies = $0
		$0.TextStylePolicy = $1
		$1.inheritsSet = null
		$1.scope = text/x-csharp
		$0.CSharpFormattingPolicy = $2
		$2.inheritsSet = Mono
		$2.inheritsScope = text/x-csharp
		$2.scope = text/x-csharp
		$0.TextStylePolicy = $3
		$3.FileWidth = 120
		$3.TabWidth = 4
		$3.IndentWidth = 4
		$3.EolMarker = Unix
		$3.inheritsSet = Mono
		$3.inheritsScope = text/plain
		$3.scope = text/plain
	EndGlobalSection

EndGlobal
